# This file is autogenerated, do not edit; changes may be undone by the next 'dep ensure'.


[[projects]]
  branch = "patch-1"
  digest = "1:4a2cfc3902d8d9b797c6c47d4d0d957f16fc65f0339fa79dcbe2bf5369e6ce81"
  name = "github.com/dennwc/dom"
  packages = [
    ".",
    "js",
  ]
  pruneopts = "UT"
  revision = "b54802b1c1ffddfa0bf414cd34c129a0725a4e29"
  source = "github.com/johanbrandhorst/dom"

[solve-meta]
  analyzer-name = "dep"
  analyzer-version = 1
  input-imports = ["github.com/dennwc/dom"]
  solver-name = "gps-cdcl"
  solver-version = 1
