# This file is autogenerated, do not edit; changes may be undone by the next 'dep ensure'.


[[projects]]
  digest = "1:cbdefc58241a9baf1608b51d52fa11e9778ed0ae05cc1765643369a092b6aa3b"
  name = "cloud.google.com/go"
  packages = [
    "compute/metadata",
    "datastore",
    "internal",
    "internal/atomiccache",
    "internal/fields",
    "internal/trace",
    "internal/version",
  ]
  pruneopts = "UT"
  revision = "64a2037ec6be8a4b0c1d1f706ed35b428b989239"
  version = "v0.26.0"

[[projects]]
  branch = "master"
  digest = "1:4e1f46fdeb614d6a9dec18da8de7afc0fe994312ed6a2473c69cf749886a1795"
  name = "github.com/dave/jsgo"
  packages = [
    "assets/std",
    "server/servermsg",
    "server/wasm/messages",
  ]
  pruneopts = "UT"
  revision = "812d6854f9eadd98c18ae36864adf3446c3f2f0e"

[[projects]]
  branch = "master"
  digest = "1:ed131ac6b04eae55b7448356fdfd56659fc5aa5a6e7ab29a0ddb966f351adcd5"
  name = "github.com/dave/services"
  packages = [
    ".",
    "constor/constormsg",
  ]
  pruneopts = "UT"
  revision = "3f8b08b528872b96cd80fc7025edf98b1b55f047"

[[projects]]
  branch = "master"
  digest = "1:a34319a40e75889795a1e1bdfc3a8b96c88fbfc658ad9c6ed648a3205938dd3a"
  name = "github.com/dave/wasmgo"
  packages = [
    ".",
    "cmd",
    "cmd/cmdconfig",
    "cmd/deployer",
    "config",
  ]
  pruneopts = "UT"
  revision = "cd9f1b82897a926ec9df9397711bb4c6732069f7"

[[projects]]
  branch = "master"
  digest = "1:4a2cfc3902d8d9b797c6c47d4d0d957f16fc65f0339fa79dcbe2bf5369e6ce81"
  name = "github.com/dennwc/dom"
  packages = [
    ".",
    "js",
  ]
  pruneopts = "UT"
  revision = "42c0f3b773203d4ea24045cc84f6ed3a25da1af1"

[[projects]]
  digest = "1:a8fc2604eb5975548b14b5bc9db87f90bf2d2b2e08ecc6be9310ec1a1d640ae0"
  name = "github.com/golang/protobuf"
  packages = [
    "proto",
    "protoc-gen-go/descriptor",
    "ptypes",
    "ptypes/any",
    "ptypes/duration",
    "ptypes/struct",
    "ptypes/timestamp",
    "ptypes/wrappers",
  ]
  pruneopts = "UT"
  revision = "b4deda0973fb4c70b50d226b1af49f3da59f5265"
  version = "v1.1.0"

[[projects]]
  digest = "1:e145e9710a10bc114a6d3e2738aadf8de146adaa031854ffdf7bbfe15da85e63"
  name = "github.com/googleapis/gax-go"
  packages = ["."]
  pruneopts = "UT"
  revision = "317e0006254c44a0ac427cc52a0e083ff0b9622f"
  version = "v2.0.0"

[[projects]]
  digest = "1:43dd08a10854b2056e615d1b1d22ac94559d822e1f8b6fcc92c1a1057e85188e"
  name = "github.com/gorilla/websocket"
  packages = ["."]
  pruneopts = "UT"
  revision = "ea4d1f681babbce9545c9c5f3d5194a789c89f5b"
  version = "v1.2.0"

[[projects]]
  digest = "1:870d441fe217b8e689d7949fef6e43efbc787e50f200cb1e70dbca9204a1d6be"
  name = "github.com/inconshreveable/mousetrap"
  packages = ["."]
  pruneopts = "UT"
  revision = "76626ae9c91c4f2a10f34cad8ce83ea42c93bb75"
  version = "v1.0"

[[projects]]
  branch = "master"
  digest = "1:7b4cd865877639770d2711dc6278b98466be7ebbe5cdf2c933659b73d6e58213"
  name = "github.com/pkg/browser"
  packages = ["."]
  pruneopts = "UT"
  revision = "c90ca0c84f15f81c982e32665bffd8d7aac8f097"

[[projects]]
  digest = "1:645cabccbb4fa8aab25a956cbcbdf6a6845ca736b2c64e197ca7cbb9d210b939"
  name = "github.com/spf13/cobra"
  packages = ["."]
  pruneopts = "UT"
  revision = "ef82de70bb3f60c65fb8eebacbb2d122ef517385"
  version = "v0.0.3"

[[projects]]
  digest = "1:dab83a1bbc7ad3d7a6ba1a1cc1760f25ac38cdf7d96a5cdd55cd915a4f5ceaf9"
  name = "github.com/spf13/pflag"
  packages = ["."]
  pruneopts = "UT"
  revision = "9a97c102cda95a86cec2345a6f09f55a939babf5"
  version = "v1.0.2"

[[projects]]
  digest = "1:42d3653af0643d37fe3d708f51fae9bebe0cf6f6a801597ec07097b1fd4a7b85"
  name = "go.opencensus.io"
  packages = [
    ".",
    "internal",
    "internal/tagencoding",
    "plugin/ocgrpc",
    "stats",
    "stats/internal",
    "stats/view",
    "tag",
    "trace",
    "trace/internal",
    "trace/propagation",
  ]
  pruneopts = "UT"
  revision = "7b558058b7cc960667590e5413ef55157b06652e"
  version = "v0.15.0"

[[projects]]
  branch = "master"
  digest = "1:3c4175c2711d67096567fc2d84a83464d6ff58119af3efc89983339d64144cb0"
  name = "golang.org/x/net"
  packages = [
    "context",
    "context/ctxhttp",
    "http/httpguts",
    "http2",
    "http2/hpack",
    "idna",
    "internal/timeseries",
    "trace",
  ]
  pruneopts = "UT"
  revision = "c39426892332e1bb5ec0a434a079bf82f5d30c54"

[[projects]]
  branch = "master"
  digest = "1:bea0314c10bd362ab623af4880d853b5bad3b63d0ab9945c47e461b8d04203ed"
  name = "golang.org/x/oauth2"
  packages = [
    ".",
    "google",
    "internal",
    "jws",
    "jwt",
  ]
  pruneopts = "UT"
  revision = "3d292e4d0cdc3a0113e6d207bb137145ef1de42f"

[[projects]]
  branch = "master"
  digest = "1:0316a8ad208917f1d141b077e278980fd5e4594f3a85f835dacbf24d85798252"
  name = "golang.org/x/sys"
  packages = ["unix"]
  pruneopts = "UT"
  revision = "14742f9018cd6651ec7364dc6ee08af0baaa1031"

[[projects]]
  digest = "1:a2ab62866c75542dd18d2b069fec854577a20211d7c0ea6ae746072a1dccdd18"
  name = "golang.org/x/text"
  packages = [
    "collate",
    "collate/build",
    "internal/colltab",
    "internal/gen",
    "internal/tag",
    "internal/triegen",
    "internal/ucd",
    "language",
    "secure/bidirule",
    "transform",
    "unicode/bidi",
    "unicode/cldr",
    "unicode/norm",
    "unicode/rangetable",
  ]
  pruneopts = "UT"
  revision = "f21a4dfb5e38f5895301dc265a8def02365cc3d0"
  version = "v0.3.0"

[[projects]]
  branch = "master"
  digest = "1:207ab3dedc2f8776f4e1eebb817c0993019666bb2b7d9b46de03da85044df8df"
  name = "google.golang.org/api"
  packages = [
    "googleapi",
    "googleapi/internal/uritemplates",
    "internal",
    "iterator",
    "option",
    "transport/grpc",
  ]
  pruneopts = "UT"
  revision = "0e8d13b5c025da6a7cf249bb854e5869921dd459"

[[projects]]
  digest = "1:26619fcd2452b4044174d26acd8b09c09dffee9a1c3a22d2383b873aa9a0131f"
  name = "google.golang.org/appengine"
  packages = [
    ".",
    "internal",
    "internal/app_identity",
    "internal/base",
    "internal/datastore",
    "internal/log",
    "internal/modules",
    "internal/remote_api",
    "internal/socket",
    "internal/urlfetch",
    "socket",
    "urlfetch",
  ]
  pruneopts = "UT"
  revision = "b1f26356af11148e710935ed1ac8a7f5702c7612"
  version = "v1.1.0"

[[projects]]
  branch = "master"
  digest = "1:a76b2bff3873b80af50ec8d0a47dc503d11f4ca7a82b00a50053a7c82b012bac"
  name = "google.golang.org/genproto"
  packages = [
    "googleapis/api/annotations",
    "googleapis/datastore/v1",
    "googleapis/rpc/code",
    "googleapis/rpc/status",
    "googleapis/type/latlng",
  ]
  pruneopts = "UT"
  revision = "383e8b2c3b9e36c4076b235b32537292176bae20"

[[projects]]
  digest = "1:f4fdb603068ae856b9eb05772787bf4966b1fabd3b074e3f840aab417bd992c3"
  name = "google.golang.org/grpc"
  packages = [
    ".",
    "balancer",
    "balancer/base",
    "balancer/roundrobin",
    "codes",
    "connectivity",
    "credentials",
    "credentials/oauth",
    "encoding",
    "encoding/proto",
    "grpclog",
    "internal",
    "internal/backoff",
    "internal/channelz",
    "internal/envconfig",
    "internal/grpcrand",
    "internal/transport",
    "keepalive",
    "metadata",
    "naming",
    "peer",
    "resolver",
    "resolver/dns",
    "resolver/passthrough",
    "stats",
    "status",
    "tap",
  ]
  pruneopts = "UT"
  revision = "32fb0ac620c32ba40a4626ddf94d90d12cce3455"
  version = "v1.14.0"

[[projects]]
  digest = "1:d431beffd9ad96318d3548cf2c2d3b8f3915a3972767254e5bf711d5df7425e3"
  name = "gopkg.in/src-d/go-billy.v4"
  packages = ["."]
  pruneopts = "UT"
  revision = "83cf655d40b15b427014d7875d10850f96edba14"
  version = "v4.2.0"

[solve-meta]
  analyzer-name = "dep"
  analyzer-version = 1
  input-imports = [
    "github.com/dave/wasmgo",
    "github.com/dennwc/dom",
  ]
  solver-name = "gps-cdcl"
  solver-version = 1
