# This file is autogenerated, do not edit; changes may be undone by the next 'dep ensure'.


[[projects]]
  branch = "master"
  digest = "1:4a2cfc3902d8d9b797c6c47d4d0d957f16fc65f0339fa79dcbe2bf5369e6ce81"
  name = "github.com/dennwc/dom"
  packages = [
    ".",
    "js",
  ]
  pruneopts = "UT"
  revision = "42c0f3b773203d4ea24045cc84f6ed3a25da1af1"

[solve-meta]
  analyzer-name = "dep"
  analyzer-version = 1
  input-imports = ["github.com/dennwc/dom"]
  solver-name = "gps-cdcl"
  solver-version = 1
